{
  "name": "react-app-rewire-optimize",
  "version": "1.0.1",
  "lockfileVersion": 1,
  "requires": true,
  "dependencies": {
    "babel-helper-is-react-class": {
      "version": "1.0.0",
      "resolved": "https://registry.npmjs.org/babel-helper-is-react-class/-/babel-helper-is-react-class-1.0.0.tgz",
      "integrity": "sha1-7282eLBcdtve7a3q16+YwnJNhDE="
    },
    "babel-plugin-transform-react-constant-elements": {
      "version": "6.23.0",
      "resolved": "https://registry.npmjs.org/babel-plugin-transform-react-constant-elements/-/babel-plugin-transform-react-constant-elements-6.23.0.tgz",
      "integrity": "sha1-LxGb9NLN1F65uqrldAU8YE9hR90=",
      "requires": {
        "babel-runtime": "6.26.0"
      }
    },
    "babel-plugin-transform-react-inline-elements": {
      "version": "6.22.0",
      "resolved": "https://registry.npmjs.org/babel-plugin-transform-react-inline-elements/-/babel-plugin-transform-react-inline-elements-6.22.0.tgz",
      "integrity": "sha1-ZochGjK0mlLyLFc6K1UEol7xfFM=",
      "requires": {
        "babel-runtime": "6.26.0"
      }
    },
    "babel-plugin-transform-react-pure-class-to-function": {
      "version": "1.0.1",
      "resolved": "https://registry.npmjs.org/babel-plugin-transform-react-pure-class-to-function/-/babel-plugin-transform-react-pure-class-to-function-1.0.1.tgz",
      "integrity": "sha1-MqZJyX1lMlC0Gc/RSJMxsCkNnuQ=",
      "requires": {
        "babel-helper-is-react-class": "1.0.0"
      }
    },
    "babel-plugin-transform-react-remove-prop-types": {
      "version": "0.2.12",
      "resolved": "https://registry.npmjs.org/babel-plugin-transform-react-remove-prop-types/-/babel-plugin-transform-react-remove-prop-types-0.2.12.tgz",
      "integrity": "sha1-NAZpbfC4tFYIn51ybSfn4SPS+Sk="
    },
    "babel-preset-react-optimize": {
      "version": "1.0.1",
      "resolved": "https://registry.npmjs.org/babel-preset-react-optimize/-/babel-preset-react-optimize-1.0.1.tgz",
      "integrity": "sha1-wjUJ+6fLx2195wUOfSa80ivDBOg=",
      "requires": {
        "babel-plugin-transform-react-constant-elements": "6.23.0",
        "babel-plugin-transform-react-inline-elements": "6.22.0",
        "babel-plugin-transform-react-pure-class-to-function": "1.0.1",
        "babel-plugin-transform-react-remove-prop-types": "0.2.12"
      }
    },
    "babel-runtime": {
      "version": "6.26.0",
      "resolved": "https://registry.npmjs.org/babel-runtime/-/babel-runtime-6.26.0.tgz",
      "integrity": "sha1-llxwWGaOgrVde/4E/yM3vItWR/4=",
      "requires": {
        "core-js": "2.5.1",
        "regenerator-runtime": "0.11.0"
      }
    },
    "core-js": {
      "version": "2.5.1",
      "resolved": "https://registry.npmjs.org/core-js/-/core-js-2.5.1.tgz",
      "integrity": "sha1-rmh03GaTd4m4B1T/VCjfZoGcpQs="
    },
    "cross-spawn": {
      "version": "5.1.0",
      "resolved": "https://registry.npmjs.org/cross-spawn/-/cross-spawn-5.1.0.tgz",
      "integrity": "sha1-6L0O/uWPz/b4+UUQoKVUu/ojVEk=",
      "requires": {
        "lru-cache": "4.1.1",
        "shebang-command": "1.2.0",
        "which": "1.3.0"
      }
    },
    "dotenv": {
      "version": "4.0.0",
      "resolved": "https://registry.npmjs.org/dotenv/-/dotenv-4.0.0.tgz",
      "integrity": "sha1-hk7xN5rO1Vzm+V3r7NzhefegzR0="
    },
    "isexe": {
      "version": "2.0.0",
      "resolved": "https://registry.npmjs.org/isexe/-/isexe-2.0.0.tgz",
      "integrity": "sha1-6PvzdNxVb/iUehDcsFctYz8s+hA="
    },
    "lru-cache": {
      "version": "4.1.1",
      "resolved": "https://registry.npmjs.org/lru-cache/-/lru-cache-4.1.1.tgz",
      "integrity": "sha512-q4spe4KTfsAS1SUHLO0wz8Qiyf1+vMIAgpRYioFYDMNqKfHQbg+AVDH3i4fvpl71/P1L0dBl+fQi+P37UYf0ew==",
      "requires": {
        "pseudomap": "1.0.2",
        "yallist": "2.1.2"
      }
    },
    "pseudomap": {
      "version": "1.0.2",
      "resolved": "https://registry.npmjs.org/pseudomap/-/pseudomap-1.0.2.tgz",
      "integrity": "sha1-8FKijacOYYkX7wqKw0wa5aaChrM="
    },
    "react-app-rewired": {
      "version": "1.3.2",
      "resolved": "https://registry.npmjs.org/react-app-rewired/-/react-app-rewired-1.3.2.tgz",
      "integrity": "sha512-va9NxHWEzlEipuZmdML+YybOVH4S2Yqk9C0WpSKnXr8uES+eOQuDyvjyPu0MMWObXghCizT3MFRxqh9fU4OM0g==",
      "requires": {
        "cross-spawn": "5.1.0",
        "dotenv": "4.0.0"
      }
    },
    "regenerator-runtime": {
      "version": "0.11.0",
      "resolved": "https://registry.npmjs.org/regenerator-runtime/-/regenerator-runtime-0.11.0.tgz",
      "integrity": "sha512-/aA0kLeRb5N9K0d4fw7ooEbI+xDe+DKD499EQqygGqeS8N3xto15p09uY2xj7ixP81sNPXvRLnAQIqdVStgb1A=="
    },
    "shebang-command": {
      "version": "1.2.0",
      "resolved": "https://registry.npmjs.org/shebang-command/-/shebang-command-1.2.0.tgz",
      "integrity": "sha1-RKrGW2lbAzmJaMOfNj/uXer98eo=",
      "requires": {
        "shebang-regex": "1.0.0"
      }
    },
    "shebang-regex": {
      "version": "1.0.0",
      "resolved": "https://registry.npmjs.org/shebang-regex/-/shebang-regex-1.0.0.tgz",
      "integrity": "sha1-2kL0l0DAtC2yypcoVxyxkMmO/qM="
    },
    "which": {
      "version": "1.3.0",
      "resolved": "https://registry.npmjs.org/which/-/which-1.3.0.tgz",
      "integrity": "sha512-xcJpopdamTuY5duC/KnTTNBraPK54YwpenP4lzxU8H91GudWpFv38u0CKjclE1Wi2EH2EDz5LRcHcKbCIzqGyg==",
      "requires": {
        "isexe": "2.0.0"
      }
    },
    "yallist": {
      "version": "2.1.2",
      "resolved": "https://registry.npmjs.org/yallist/-/yallist-2.1.2.tgz",
      "integrity": "sha1-HBH5IY8HYImkfdUS+TxmmaaoHVI="
    }
  }
}
